{
  "name": "classies",
  "version": "1.0.9",
  "lockfileVersion": 2,
  "requires": true,
  "packages": {
    "": {
      "name": "classies",
      "version": "1.0.9",
      "license": "MIT",
      "devDependencies": {
        "ospec": "4.2.1"
      }
    },
    "node_modules/balanced-match": {
      "version": "1.0.2",
      "resolved": "https://registry.npmjs.org/balanced-match/-/balanced-match-1.0.2.tgz",
      "integrity": "sha512-3oSeUO0TMV67hN1AmbXsK4yaqU7tjiHlbxRDZOpH0KW9+CeX4bRAaX0Anxt0tx2MrpRpWwQaPwIlISEJhYU5Pw==",
      "dev": true
    },
    "node_modules/brace-expansion": {
      "version": "2.0.1",
      "resolved": "https://registry.npmjs.org/brace-expansion/-/brace-expansion-2.0.1.tgz",
      "integrity": "sha512-XnAIvQ8eM+kC6aULx6wuQiwVsnzsi9d3WxzV3FpWTGA19F621kwdbsAcFKXgKUHZWsy+mY6iL1sHTxWEFCytDA==",
      "dev": true,
      "dependencies": {
        "balanced-match": "^1.0.0"
      }
    },
    "node_modules/fs.realpath": {
      "version": "1.0.0",
      "resolved": "https://registry.npmjs.org/fs.realpath/-/fs.realpath-1.0.0.tgz",
      "integrity": "sha1-FQStJSMVjKpA20onh8sBQRmU6k8=",
      "dev": true
    },
    "node_modules/glob": {
      "version": "9.3.5",
      "resolved": "https://registry.npmjs.org/glob/-/glob-9.3.5.tgz",
      "integrity": "sha512-e1LleDykUz2Iu+MTYdkSsuWX8lvAjAcs0Xef0lNIu0S2wOAzuTxCJtcd9S3cijlwYF18EsU3rzb8jPVobxDh9Q==",
      "dev": true,
      "dependencies": {
        "fs.realpath": "^1.0.0",
        "minimatch": "^8.0.2",
        "minipass": "^4.2.4",
        "path-scurry": "^1.6.1"
      },
      "engines": {
        "node": ">=16 || 14 >=14.17"
      },
      "funding": {
        "url": "https://github.com/sponsors/isaacs"
      }
    },
    "node_modules/lru-cache": {
      "version": "10.4.3",
      "resolved": "https://registry.npmjs.org/lru-cache/-/lru-cache-10.4.3.tgz",
      "integrity": "sha512-JNAzZcXrCt42VGLuYz0zfAzDfAvJWW6AfYlDBQyDV5DClI2m5sAmK+OIO7s59XfsRsWHp02jAJrRadPRGTt6SQ==",
      "dev": true
    },
    "node_modules/minimatch": {
      "version": "8.0.4",
      "resolved": "https://registry.npmjs.org/minimatch/-/minimatch-8.0.4.tgz",
      "integrity": "sha512-W0Wvr9HyFXZRGIDgCicunpQ299OKXs9RgZfaukz4qAW/pJhcpUfupc9c+OObPOFueNy8VSrZgEmDtk6Kh4WzDA==",
      "dev": true,
      "dependencies": {
        "brace-expansion": "^2.0.1"
      },
      "engines": {
        "node": ">=16 || 14 >=14.17"
      },
      "funding": {
        "url": "https://github.com/sponsors/isaacs"
      }
    },
    "node_modules/minipass": {
      "version": "4.2.8",
      "resolved": "https://registry.npmjs.org/minipass/-/minipass-4.2.8.tgz",
      "integrity": "sha512-fNzuVyifolSLFL4NzpF+wEF4qrgqaaKX0haXPQEdQ7NKAN+WecoKMHV09YcuL/DHxrUsYQOK3MiuDf7Ip2OXfQ==",
      "dev": true,
      "engines": {
        "node": ">=8"
      }
    },
    "node_modules/ospec": {
      "version": "4.2.1",
      "resolved": "https://registry.npmjs.org/ospec/-/ospec-4.2.1.tgz",
      "integrity": "sha512-LsJw2WMaVlFDiaIPPH+LMtsxOABjFD29XQ12ENZM+8Cwgg5BEgW65CB+SPL1PceIun+HSfdw8hkf27C8iF/XFw==",
      "dev": true,
      "hasInstallScript": true,
      "dependencies": {
        "glob": "^9.0.0"
      },
      "bin": {
        "ospec": "bin/ospec"
      }
    },
    "node_modules/path-scurry": {
      "version": "1.11.1",
      "resolved": "https://registry.npmjs.org/path-scurry/-/path-scurry-1.11.1.tgz",
      "integrity": "sha512-Xa4Nw17FS9ApQFJ9umLiJS4orGjm7ZzwUrwamcGQuHSzDyth9boKDaycYdDcZDuqYATXw4HFXgaqWTctW/v1HA==",
      "dev": true,
      "dependencies": {
        "lru-cache": "^10.2.0",
        "minipass": "^5.0.0 || ^6.0.2 || ^7.0.0"
      },
      "engines": {
        "node": ">=16 || 14 >=14.18"
      },
      "funding": {
        "url": "https://github.com/sponsors/isaacs"
      }
    },
    "node_modules/path-scurry/node_modules/minipass": {
      "version": "7.1.2",
      "resolved": "https://registry.npmjs.org/minipass/-/minipass-7.1.2.tgz",
      "integrity": "sha512-qOOzS1cBTWYF4BH8fVePDBOO9iptMnGUEZwNc/cMWnTV2nVLZ7VoNWEPHkYczZA0pdoA7dl6e7FL659nX9S2aw==",
      "dev": true,
      "engines": {
        "node": ">=16 || 14 >=14.17"
      }
    }
  },
  "dependencies": {
    "balanced-match": {
      "version": "1.0.2",
      "resolved": "https://registry.npmjs.org/balanced-match/-/balanced-match-1.0.2.tgz",
      "integrity": "sha512-3oSeUO0TMV67hN1AmbXsK4yaqU7tjiHlbxRDZOpH0KW9+CeX4bRAaX0Anxt0tx2MrpRpWwQaPwIlISEJhYU5Pw==",
      "dev": true
    },
    "brace-expansion": {
      "version": "2.0.1",
      "resolved": "https://registry.npmjs.org/brace-expansion/-/brace-expansion-2.0.1.tgz",
      "integrity": "sha512-XnAIvQ8eM+kC6aULx6wuQiwVsnzsi9d3WxzV3FpWTGA19F621kwdbsAcFKXgKUHZWsy+mY6iL1sHTxWEFCytDA==",
      "dev": true,
      "requires": {
        "balanced-match": "^1.0.0"
      }
    },
    "fs.realpath": {
      "version": "1.0.0",
      "resolved": "https://registry.npmjs.org/fs.realpath/-/fs.realpath-1.0.0.tgz",
      "integrity": "sha1-FQStJSMVjKpA20onh8sBQRmU6k8=",
      "dev": true
    },
    "glob": {
      "version": "9.3.5",
      "resolved": "https://registry.npmjs.org/glob/-/glob-9.3.5.tgz",
      "integrity": "sha512-e1LleDykUz2Iu+MTYdkSsuWX8lvAjAcs0Xef0lNIu0S2wOAzuTxCJtcd9S3cijlwYF18EsU3rzb8jPVobxDh9Q==",
      "dev": true,
      "requires": {
        "fs.realpath": "^1.0.0",
        "minimatch": "^8.0.2",
        "minipass": "^4.2.4",
        "path-scurry": "^1.6.1"
      }
    },
    "lru-cache": {
      "version": "10.4.3",
      "resolved": "https://registry.npmjs.org/lru-cache/-/lru-cache-10.4.3.tgz",
      "integrity": "sha512-JNAzZcXrCt42VGLuYz0zfAzDfAvJWW6AfYlDBQyDV5DClI2m5sAmK+OIO7s59XfsRsWHp02jAJrRadPRGTt6SQ==",
      "dev": true
    },
    "minimatch": {
      "version": "8.0.4",
      "resolved": "https://registry.npmjs.org/minimatch/-/minimatch-8.0.4.tgz",
      "integrity": "sha512-W0Wvr9HyFXZRGIDgCicunpQ299OKXs9RgZfaukz4qAW/pJhcpUfupc9c+OObPOFueNy8VSrZgEmDtk6Kh4WzDA==",
      "dev": true,
      "requires": {
        "brace-expansion": "^2.0.1"
      }
    },
    "minipass": {
      "version": "4.2.8",
      "resolved": "https://registry.npmjs.org/minipass/-/minipass-4.2.8.tgz",
      "integrity": "sha512-fNzuVyifolSLFL4NzpF+wEF4qrgqaaKX0haXPQEdQ7NKAN+WecoKMHV09YcuL/DHxrUsYQOK3MiuDf7Ip2OXfQ==",
      "dev": true
    },
    "ospec": {
      "version": "4.2.1",
      "resolved": "https://registry.npmjs.org/ospec/-/ospec-4.2.1.tgz",
      "integrity": "sha512-LsJw2WMaVlFDiaIPPH+LMtsxOABjFD29XQ12ENZM+8Cwgg5BEgW65CB+SPL1PceIun+HSfdw8hkf27C8iF/XFw==",
      "dev": true,
      "requires": {
        "glob": "^9.0.0"
      }
    },
    "path-scurry": {
      "version": "1.11.1",
      "resolved": "https://registry.npmjs.org/path-scurry/-/path-scurry-1.11.1.tgz",
      "integrity": "sha512-Xa4Nw17FS9ApQFJ9umLiJS4orGjm7ZzwUrwamcGQuHSzDyth9boKDaycYdDcZDuqYATXw4HFXgaqWTctW/v1HA==",
      "dev": true,
      "requires": {
        "lru-cache": "^10.2.0",
        "minipass": "^5.0.0 || ^6.0.2 || ^7.0.0"
      },
      "dependencies": {
        "minipass": {
          "version": "7.1.2",
          "resolved": "https://registry.npmjs.org/minipass/-/minipass-7.1.2.tgz",
          "integrity": "sha512-qOOzS1cBTWYF4BH8fVePDBOO9iptMnGUEZwNc/cMWnTV2nVLZ7VoNWEPHkYczZA0pdoA7dl6e7FL659nX9S2aw==",
          "dev": true
        }
      }
    }
  }
}
